
Microsoft Visual Studio Solution File, Format Version 12.00
# Visual Studio 15
VisualStudioVersion = 15.0.28307.572
MinimumVisualStudioVersion = 10.0.40219.1
Project("{FAE04EC0-301F-11D3-BF4B-00C04F79EFBC}") = "Lab4", "Lab4\Lab4.csproj", "{08A8F694-CEF8-421B-AB4E-947E2ECC2594}"
EndProject
Project("{FAE04EC0-301F-11D3-BF4B-00C04F79EFBC}") = "BusinessLayer", "BusinessLayer\BusinessLayer.csproj", "{62A62009-22F0-467F-8CE8-7BC936CB9497}"
EndProject
Project("{FAE04EC0-301F-11D3-BF4B-00C04F79EFBC}") = "DataLayer", "DataLayer\DataLayer.csproj", "{E625FB0C-A918-4C3B-94DF-DC366ADD0B09}"
EndProject
Global
	GlobalSection(SolutionConfigurationPlatforms) = preSolution
		Debug|Any CPU = Debug|Any CPU
		Release|Any CPU = Release|Any CPU
	EndGlobalSection
	GlobalSection(ProjectConfigurationPlatforms) = postSolution
		{08A8F694-CEF8-421B-AB4E-947E2ECC2594}.Debug|Any CPU.ActiveCfg = Debug|Any CPU
		{08A8F694-CEF8-421B-AB4E-947E2ECC2594}.Debug|Any CPU.Build.0 = Debug|Any CPU
		{08A8F694-CEF8-421B-AB4E-947E2ECC2594}.Release|Any CPU.ActiveCfg = Release|Any CPU
		{08A8F694-CEF8-421B-AB4E-947E2ECC2594}.Release|Any CPU.Build.0 = Release|Any CPU
		{62A62009-22F0-467F-8CE8-7BC936CB9497}.Debug|Any CPU.ActiveCfg = Debug|Any CPU
		{62A62009-22F0-467F-8CE8-7BC936CB9497}.Debug|Any CPU.Build.0 = Debug|Any CPU
		{62A62009-22F0-467F-8CE8-7BC936CB9497}.Release|Any CPU.ActiveCfg = Release|Any CPU
		{62A62009-22F0-467F-8CE8-7BC936CB9497}.Release|Any CPU.Build.0 = Release|Any CPU
		{E625FB0C-A918-4C3B-94DF-DC366ADD0B09}.Debug|Any CPU.ActiveCfg = Debug|Any CPU
		{E625FB0C-A918-4C3B-94DF-DC366ADD0B09}.Debug|Any CPU.Build.0 = Debug|Any CPU
		{E625FB0C-A918-4C3B-94DF-DC366ADD0B09}.Release|Any CPU.ActiveCfg = Release|Any CPU
		{E625FB0C-A918-4C3B-94DF-DC366ADD0B09}.Release|Any CPU.Build.0 = Release|Any CPU
	EndGlobalSection
	GlobalSection(SolutionProperties) = preSolution
		HideSolutionNode = FALSE
	EndGlobalSection
	GlobalSection(ExtensibilityGlobals) = postSolution
		SolutionGuid = {6522A459-1AFA-4047-9AB3-AE4EA46CAA57}
	EndGlobalSection
EndGlobal
